
Microsoft Visual Studio Solution File, Format Version 12.00
# Visual Studio Version 17
VisualStudioVersion = 17.9.34902.65
MinimumVisualStudioVersion = 10.0.40219.1
Project("{9A19103F-16F7-4668-BE54-9A1E7A4F7556}") = "SubPub.Hangfire", "SubPub.Hangfire\SubPub.Hangfire.csproj", "{C5D97E99-2FC4-44BF-9697-A03C848EED11}"
EndProject
Project("{2150E333-8FDC-42A3-9474-1A3956D46DE8}") = "Samples", "Samples", "{BA168ACE-D067-4482-BC72-1D247C937797}"
EndProject
Project("{9A19103F-16F7-4668-BE54-9A1E7A4F7556}") = "Registration.Api", "Samples\Registration.Api\Registration.Api.csproj", "{E485EFAC-98DB-48D6-B163-2EE344D4C5E3}"
EndProject
Project("{9A19103F-16F7-4668-BE54-9A1E7A4F7556}") = "Nuget.Registration.Api", "Samples\Nuget.Registration.Api\Nuget.Registration.Api.csproj", "{D2A4B7FA-1282-4D2E-9450-7280B4443902}"
EndProject
Global
	GlobalSection(SolutionConfigurationPlatforms) = preSolution
		Debug|Any CPU = Debug|Any CPU
		Release|Any CPU = Release|Any CPU
	EndGlobalSection
	GlobalSection(ProjectConfigurationPlatforms) = postSolution
		{C5D97E99-2FC4-44BF-9697-A03C848EED11}.Debug|Any CPU.ActiveCfg = Debug|Any CPU
		{C5D97E99-2FC4-44BF-9697-A03C848EED11}.Debug|Any CPU.Build.0 = Debug|Any CPU
		{C5D97E99-2FC4-44BF-9697-A03C848EED11}.Release|Any CPU.ActiveCfg = Release|Any CPU
		{C5D97E99-2FC4-44BF-9697-A03C848EED11}.Release|Any CPU.Build.0 = Release|Any CPU
		{E485EFAC-98DB-48D6-B163-2EE344D4C5E3}.Debug|Any CPU.ActiveCfg = Debug|Any CPU
		{E485EFAC-98DB-48D6-B163-2EE344D4C5E3}.Debug|Any CPU.Build.0 = Debug|Any CPU
		{E485EFAC-98DB-48D6-B163-2EE344D4C5E3}.Release|Any CPU.ActiveCfg = Release|Any CPU
		{E485EFAC-98DB-48D6-B163-2EE344D4C5E3}.Release|Any CPU.Build.0 = Release|Any CPU
		{D2A4B7FA-1282-4D2E-9450-7280B4443902}.Debug|Any CPU.ActiveCfg = Debug|Any CPU
		{D2A4B7FA-1282-4D2E-9450-7280B4443902}.Debug|Any CPU.Build.0 = Debug|Any CPU
		{D2A4B7FA-1282-4D2E-9450-7280B4443902}.Release|Any CPU.ActiveCfg = Release|Any CPU
		{D2A4B7FA-1282-4D2E-9450-7280B4443902}.Release|Any CPU.Build.0 = Release|Any CPU
	EndGlobalSection
	GlobalSection(SolutionProperties) = preSolution
		HideSolutionNode = FALSE
	EndGlobalSection
	GlobalSection(NestedProjects) = preSolution
		{E485EFAC-98DB-48D6-B163-2EE344D4C5E3} = {BA168ACE-D067-4482-BC72-1D247C937797}
		{D2A4B7FA-1282-4D2E-9450-7280B4443902} = {BA168ACE-D067-4482-BC72-1D247C937797}
	EndGlobalSection
	GlobalSection(ExtensibilityGlobals) = postSolution
		SolutionGuid = {A83F72E5-89C7-4B33-827A-BD4284F8AF8A}
	EndGlobalSection
EndGlobal
